Microsoft Visual Studio Solution File, Format Version 12.00
# Visual Studio 2013
VisualStudioVersion = 12.0.21005.1
MinimumVisualStudioVersion = 10.0.40219.1
Project("{2150E333-8FDC-42A3-9474-1A3956D46DE8}") = "Application", "Application", "{2133A8D5-C094-417E-8943-4E50F4DEC52B}"
EndProject
Project("{2150E333-8FDC-42A3-9474-1A3956D46DE8}") = "Domain", "Domain", "{3A0BE5DD-3053-4620-8266-49AB6E6F44EC}"
EndProject
Project("{2150E333-8FDC-42A3-9474-1A3956D46DE8}") = "Infrastructure", "Infrastructure", "{09491340-2625-4DBF-8337-720FA5041C53}"
EndProject
Project("{2150E333-8FDC-42A3-9474-1A3956D46DE8}") = "UI", "UI", "{C0D32FA4-A845-484D-8329-613AFE52BB61}"
EndProject
Project("{2150E333-8FDC-42A3-9474-1A3956D46DE8}") = "Tests", "Tests", "{000A8B69-A969-4487-AFD7-7A71A45E2ABC}"
EndProject
Project("{FAE04EC0-301F-11D3-BF4B-00C04F79EFBC}") = "Domain.Aggregates", "Domain\Domain.Aggregates\Domain.Aggregates.csproj", "{0922B85C-74A3-4494-8699-ACFB6145D4B5}"
EndProject
Project("{FAE04EC0-301F-11D3-BF4B-00C04F79EFBC}") = "Domain.Aggregates.Mappings", "Domain\Domain.Aggregates.Mappings\Domain.Aggregates.Mappings.csproj", "{BBA53E0F-C5DE-4C24-8E73-36FE5ED9273A}"
EndProject
Project("{FAE04EC0-301F-11D3-BF4B-00C04F79EFBC}") = "Domain.Cache", "Domain\Domain.Cache\Domain.Cache.csproj", "{195F4EE6-45AB-445F-BEFE-30E21EFF6E2D}"
EndProject
Project("{FAE04EC0-301F-11D3-BF4B-00C04F79EFBC}") = "Domain.Repositories", "Domain\BreakAway.Domain.Repositories\Domain.Repositories\Domain.Repositories.csproj", "{E712967E-E843-4BF0-B31F-D45F33BCD1BA}"
EndProject
Project("{FAE04EC0-301F-11D3-BF4B-00C04F79EFBC}") = "BreakAway.Web", "UI\BreakAway.Web\BreakAway.Web.csproj", "{F98755C8-F7C8-474C-A4B5-E124839945EA}"
EndProject
Global
	GlobalSection(SolutionConfigurationPlatforms) = preSolution
		Debug|Any CPU = Debug|Any CPU
		Release|Any CPU = Release|Any CPU
	EndGlobalSection
	GlobalSection(ProjectConfigurationPlatforms) = postSolution
		{0922B85C-74A3-4494-8699-ACFB6145D4B5}.Debug|Any CPU.ActiveCfg = Debug|Any CPU
		{0922B85C-74A3-4494-8699-ACFB6145D4B5}.Debug|Any CPU.Build.0 = Debug|Any CPU
		{0922B85C-74A3-4494-8699-ACFB6145D4B5}.Release|Any CPU.ActiveCfg = Release|Any CPU
		{0922B85C-74A3-4494-8699-ACFB6145D4B5}.Release|Any CPU.Build.0 = Release|Any CPU
		{BBA53E0F-C5DE-4C24-8E73-36FE5ED9273A}.Debug|Any CPU.ActiveCfg = Debug|Any CPU
		{BBA53E0F-C5DE-4C24-8E73-36FE5ED9273A}.Debug|Any CPU.Build.0 = Debug|Any CPU
		{BBA53E0F-C5DE-4C24-8E73-36FE5ED9273A}.Release|Any CPU.ActiveCfg = Release|Any CPU
		{BBA53E0F-C5DE-4C24-8E73-36FE5ED9273A}.Release|Any CPU.Build.0 = Release|Any CPU
		{195F4EE6-45AB-445F-BEFE-30E21EFF6E2D}.Debug|Any CPU.ActiveCfg = Debug|Any CPU
		{195F4EE6-45AB-445F-BEFE-30E21EFF6E2D}.Debug|Any CPU.Build.0 = Debug|Any CPU
		{195F4EE6-45AB-445F-BEFE-30E21EFF6E2D}.Release|Any CPU.ActiveCfg = Release|Any CPU
		{195F4EE6-45AB-445F-BEFE-30E21EFF6E2D}.Release|Any CPU.Build.0 = Release|Any CPU
		{E712967E-E843-4BF0-B31F-D45F33BCD1BA}.Debug|Any CPU.ActiveCfg = Debug|Any CPU
		{E712967E-E843-4BF0-B31F-D45F33BCD1BA}.Debug|Any CPU.Build.0 = Debug|Any CPU
		{E712967E-E843-4BF0-B31F-D45F33BCD1BA}.Release|Any CPU.ActiveCfg = Release|Any CPU
		{E712967E-E843-4BF0-B31F-D45F33BCD1BA}.Release|Any CPU.Build.0 = Release|Any CPU
		{F98755C8-F7C8-474C-A4B5-E124839945EA}.Debug|Any CPU.ActiveCfg = Debug|Any CPU
		{F98755C8-F7C8-474C-A4B5-E124839945EA}.Debug|Any CPU.Build.0 = Debug|Any CPU
		{F98755C8-F7C8-474C-A4B5-E124839945EA}.Release|Any CPU.ActiveCfg = Release|Any CPU
		{F98755C8-F7C8-474C-A4B5-E124839945EA}.Release|Any CPU.Build.0 = Release|Any CPU
	EndGlobalSection
	GlobalSection(SolutionProperties) = preSolution
		HideSolutionNode = FALSE
	EndGlobalSection
	GlobalSection(NestedProjects) = preSolution
		{0922B85C-74A3-4494-8699-ACFB6145D4B5} = {3A0BE5DD-3053-4620-8266-49AB6E6F44EC}
		{BBA53E0F-C5DE-4C24-8E73-36FE5ED9273A} = {3A0BE5DD-3053-4620-8266-49AB6E6F44EC}
		{195F4EE6-45AB-445F-BEFE-30E21EFF6E2D} = {3A0BE5DD-3053-4620-8266-49AB6E6F44EC}
		{E712967E-E843-4BF0-B31F-D45F33BCD1BA} = {3A0BE5DD-3053-4620-8266-49AB6E6F44EC}
		{F98755C8-F7C8-474C-A4B5-E124839945EA} = {C0D32FA4-A845-484D-8329-613AFE52BB61}
	EndGlobalSection
EndGlobal
