
Microsoft Visual Studio Solution File, Format Version 12.00
# Visual Studio 15
VisualStudioVersion = 15.0.28307.757
MinimumVisualStudioVersion = 10.0.40219.1
Project("{FAE04EC0-301F-11D3-BF4B-00C04F79EFBC}") = "Domain", "Domain\Domain.csproj", "{650A80E6-1DBA-4E72-B369-EC58BF37AF06}"
EndProject
Project("{FAE04EC0-301F-11D3-BF4B-00C04F79EFBC}") = "Storage", "Storage\Storage.csproj", "{2F42A4D9-3FCE-4833-9934-DC7045BF471F}"
EndProject
Project("{FAE04EC0-301F-11D3-BF4B-00C04F79EFBC}") = "Web", "Web\Web.csproj", "{1BF07132-C7D7-4A8F-AE4A-F3DD0D5668BA}"
EndProject
Project("{FAE04EC0-301F-11D3-BF4B-00C04F79EFBC}") = "Tests", "Tests\Tests.csproj", "{9F28BB8F-6F9B-4B0A-A91E-184DCEC4E072}"
EndProject
Global
	GlobalSection(SolutionConfigurationPlatforms) = preSolution
		Debug|Any CPU = Debug|Any CPU
		Release|Any CPU = Release|Any CPU
	EndGlobalSection
	GlobalSection(ProjectConfigurationPlatforms) = postSolution
		{650A80E6-1DBA-4E72-B369-EC58BF37AF06}.Debug|Any CPU.ActiveCfg = Debug|Any CPU
		{650A80E6-1DBA-4E72-B369-EC58BF37AF06}.Debug|Any CPU.Build.0 = Debug|Any CPU
		{650A80E6-1DBA-4E72-B369-EC58BF37AF06}.Release|Any CPU.ActiveCfg = Release|Any CPU
		{650A80E6-1DBA-4E72-B369-EC58BF37AF06}.Release|Any CPU.Build.0 = Release|Any CPU
		{2F42A4D9-3FCE-4833-9934-DC7045BF471F}.Debug|Any CPU.ActiveCfg = Debug|Any CPU
		{2F42A4D9-3FCE-4833-9934-DC7045BF471F}.Debug|Any CPU.Build.0 = Debug|Any CPU
		{2F42A4D9-3FCE-4833-9934-DC7045BF471F}.Release|Any CPU.ActiveCfg = Release|Any CPU
		{2F42A4D9-3FCE-4833-9934-DC7045BF471F}.Release|Any CPU.Build.0 = Release|Any CPU
		{1BF07132-C7D7-4A8F-AE4A-F3DD0D5668BA}.Debug|Any CPU.ActiveCfg = Debug|Any CPU
		{1BF07132-C7D7-4A8F-AE4A-F3DD0D5668BA}.Debug|Any CPU.Build.0 = Debug|Any CPU
		{1BF07132-C7D7-4A8F-AE4A-F3DD0D5668BA}.Release|Any CPU.ActiveCfg = Release|Any CPU
		{1BF07132-C7D7-4A8F-AE4A-F3DD0D5668BA}.Release|Any CPU.Build.0 = Release|Any CPU
		{9F28BB8F-6F9B-4B0A-A91E-184DCEC4E072}.Debug|Any CPU.ActiveCfg = Debug|Any CPU
		{9F28BB8F-6F9B-4B0A-A91E-184DCEC4E072}.Debug|Any CPU.Build.0 = Debug|Any CPU
		{9F28BB8F-6F9B-4B0A-A91E-184DCEC4E072}.Release|Any CPU.ActiveCfg = Release|Any CPU
		{9F28BB8F-6F9B-4B0A-A91E-184DCEC4E072}.Release|Any CPU.Build.0 = Release|Any CPU
	EndGlobalSection
	GlobalSection(SolutionProperties) = preSolution
		HideSolutionNode = FALSE
	EndGlobalSection
	GlobalSection(ExtensibilityGlobals) = postSolution
		SolutionGuid = {1996E665-CC2F-413B-8BA7-263B40ED8B96}
		EnterpriseLibraryConfigurationToolBinariesPath = ages\Unity.2.1.505.0\lib\NET35
	EndGlobalSection
EndGlobal
