
Microsoft Visual Studio Solution File, Format Version 12.00
# Visual Studio 2012
Project("{FAE04EC0-301F-11D3-BF4B-00C04F79EFBC}") = "Domain", "Domain\Domain.csproj", "{650A80E6-1DBA-4E72-B369-EC58BF37AF06}"
EndProject
Project("{FAE04EC0-301F-11D3-BF4B-00C04F79EFBC}") = "Storage", "Storage\Storage.csproj", "{2F42A4D9-3FCE-4833-9934-DC7045BF471F}"
EndProject
Project("{FAE04EC0-301F-11D3-BF4B-00C04F79EFBC}") = "Web", "Web\Web.csproj", "{C142B1A6-4DF2-49FC-AAF9-30BF70AC9D33}"
EndProject
Global
	GlobalSection(SolutionConfigurationPlatforms) = preSolution
		Debug|Any CPU = Debug|Any CPU
		Release|Any CPU = Release|Any CPU
	EndGlobalSection
	GlobalSection(ProjectConfigurationPlatforms) = postSolution
		{650A80E6-1DBA-4E72-B369-EC58BF37AF06}.Debug|Any CPU.ActiveCfg = Debug|Any CPU
		{650A80E6-1DBA-4E72-B369-EC58BF37AF06}.Debug|Any CPU.Build.0 = Debug|Any CPU
		{650A80E6-1DBA-4E72-B369-EC58BF37AF06}.Release|Any CPU.ActiveCfg = Release|Any CPU
		{650A80E6-1DBA-4E72-B369-EC58BF37AF06}.Release|Any CPU.Build.0 = Release|Any CPU
		{2F42A4D9-3FCE-4833-9934-DC7045BF471F}.Debug|Any CPU.ActiveCfg = Debug|Any CPU
		{2F42A4D9-3FCE-4833-9934-DC7045BF471F}.Debug|Any CPU.Build.0 = Debug|Any CPU
		{2F42A4D9-3FCE-4833-9934-DC7045BF471F}.Release|Any CPU.ActiveCfg = Release|Any CPU
		{2F42A4D9-3FCE-4833-9934-DC7045BF471F}.Release|Any CPU.Build.0 = Release|Any CPU
		{C142B1A6-4DF2-49FC-AAF9-30BF70AC9D33}.Debug|Any CPU.ActiveCfg = Debug|Any CPU
		{C142B1A6-4DF2-49FC-AAF9-30BF70AC9D33}.Debug|Any CPU.Build.0 = Debug|Any CPU
		{C142B1A6-4DF2-49FC-AAF9-30BF70AC9D33}.Release|Any CPU.ActiveCfg = Release|Any CPU
		{C142B1A6-4DF2-49FC-AAF9-30BF70AC9D33}.Release|Any CPU.Build.0 = Release|Any CPU
	EndGlobalSection
	GlobalSection(SolutionProperties) = preSolution
		HideSolutionNode = FALSE
	EndGlobalSection
EndGlobal
